
Microsoft Visual Studio Solution File, Format Version 12.00
# Visual Studio 15
VisualStudioVersion = 15.0.27703.2026
MinimumVisualStudioVersion = 10.0.40219.1
Project("{FAE04EC0-301F-11D3-BF4B-00C04F79EFBC}") = "Stance.Droid", "Stance\Stance.Droid\Stance.Droid.csproj", "{505A5B53-00B7-4614-BC53-3E65F9402262}"
EndProject
Project("{FAE04EC0-301F-11D3-BF4B-00C04F79EFBC}") = "Stance.iOS", "Stance\Stance.iOS\Stance.iOS.csproj", "{B1DE4469-74FD-479E-9D82-BEC9A72B4C1E}"
EndProject
Project("{FAE04EC0-301F-11D3-BF4B-00C04F79EFBC}") = "Stance", "Stance.Core\Stance.csproj", "{18E5033D-0C74-42A0-BF3A-F5292F9F43E5}"
EndProject
Global
	GlobalSection(SolutionConfigurationPlatforms) = preSolution
		Ad-Hoc|Any CPU = Ad-Hoc|Any CPU
		Ad-Hoc|ARM = Ad-Hoc|ARM
		Ad-Hoc|iPhone = Ad-Hoc|iPhone
		Ad-Hoc|iPhoneSimulator = Ad-Hoc|iPhoneSimulator
		Ad-Hoc|x64 = Ad-Hoc|x64
		Ad-Hoc|x86 = Ad-Hoc|x86
		AppStore|Any CPU = AppStore|Any CPU
		AppStore|ARM = AppStore|ARM
		AppStore|iPhone = AppStore|iPhone
		AppStore|iPhoneSimulator = AppStore|iPhoneSimulator
		AppStore|x64 = AppStore|x64
		AppStore|x86 = AppStore|x86
		Debug|Any CPU = Debug|Any CPU
		Debug|ARM = Debug|ARM
		Debug|iPhone = Debug|iPhone
		Debug|iPhoneSimulator = Debug|iPhoneSimulator
		Debug|x64 = Debug|x64
		Debug|x86 = Debug|x86
		Release|Any CPU = Release|Any CPU
		Release|ARM = Release|ARM
		Release|iPhone = Release|iPhone
		Release|iPhoneSimulator = Release|iPhoneSimulator
		Release|x64 = Release|x64
		Release|x86 = Release|x86
	EndGlobalSection
	GlobalSection(ProjectConfigurationPlatforms) = postSolution
		{505A5B53-00B7-4614-BC53-3E65F9402262}.Ad-Hoc|Any CPU.ActiveCfg = Release|Any CPU
		{505A5B53-00B7-4614-BC53-3E65F9402262}.Ad-Hoc|ARM.ActiveCfg = Release|Any CPU
		{505A5B53-00B7-4614-BC53-3E65F9402262}.Ad-Hoc|ARM.Build.0 = Release|Any CPU
		{505A5B53-00B7-4614-BC53-3E65F9402262}.Ad-Hoc|ARM.Deploy.0 = Release|Any CPU
		{505A5B53-00B7-4614-BC53-3E65F9402262}.Ad-Hoc|iPhone.ActiveCfg = Release|Any CPU
		{505A5B53-00B7-4614-BC53-3E65F9402262}.Ad-Hoc|iPhoneSimulator.ActiveCfg = Release|Any CPU
		{505A5B53-00B7-4614-BC53-3E65F9402262}.Ad-Hoc|iPhoneSimulator.Build.0 = Release|Any CPU
		{505A5B53-00B7-4614-BC53-3E65F9402262}.Ad-Hoc|iPhoneSimulator.Deploy.0 = Release|Any CPU
		{505A5B53-00B7-4614-BC53-3E65F9402262}.Ad-Hoc|x64.ActiveCfg = Release|Any CPU
		{505A5B53-00B7-4614-BC53-3E65F9402262}.Ad-Hoc|x64.Build.0 = Release|Any CPU
		{505A5B53-00B7-4614-BC53-3E65F9402262}.Ad-Hoc|x64.Deploy.0 = Release|Any CPU
		{505A5B53-00B7-4614-BC53-3E65F9402262}.Ad-Hoc|x86.ActiveCfg = Release|Any CPU
		{505A5B53-00B7-4614-BC53-3E65F9402262}.Ad-Hoc|x86.Build.0 = Release|Any CPU
		{505A5B53-00B7-4614-BC53-3E65F9402262}.Ad-Hoc|x86.Deploy.0 = Release|Any CPU
		{505A5B53-00B7-4614-BC53-3E65F9402262}.AppStore|Any CPU.ActiveCfg = Release|Any CPU
		{505A5B53-00B7-4614-BC53-3E65F9402262}.AppStore|Any CPU.Build.0 = Release|Any CPU
		{505A5B53-00B7-4614-BC53-3E65F9402262}.AppStore|Any CPU.Deploy.0 = Release|Any CPU
		{505A5B53-00B7-4614-BC53-3E65F9402262}.AppStore|ARM.ActiveCfg = Release|Any CPU
		{505A5B53-00B7-4614-BC53-3E65F9402262}.AppStore|ARM.Build.0 = Release|Any CPU
		{505A5B53-00B7-4614-BC53-3E65F9402262}.AppStore|ARM.Deploy.0 = Release|Any CPU
		{505A5B53-00B7-4614-BC53-3E65F9402262}.AppStore|iPhone.ActiveCfg = Release|Any CPU
		{505A5B53-00B7-4614-BC53-3E65F9402262}.AppStore|iPhone.Build.0 = Release|Any CPU
		{505A5B53-00B7-4614-BC53-3E65F9402262}.AppStore|iPhone.Deploy.0 = Release|Any CPU
		{505A5B53-00B7-4614-BC53-3E65F9402262}.AppStore|iPhoneSimulator.ActiveCfg = Release|Any CPU
		{505A5B53-00B7-4614-BC53-3E65F9402262}.AppStore|iPhoneSimulator.Build.0 = Release|Any CPU
		{505A5B53-00B7-4614-BC53-3E65F9402262}.AppStore|iPhoneSimulator.Deploy.0 = Release|Any CPU
		{505A5B53-00B7-4614-BC53-3E65F9402262}.AppStore|x64.ActiveCfg = Release|Any CPU
		{505A5B53-00B7-4614-BC53-3E65F9402262}.AppStore|x64.Build.0 = Release|Any CPU
		{505A5B53-00B7-4614-BC53-3E65F9402262}.AppStore|x64.Deploy.0 = Release|Any CPU
		{505A5B53-00B7-4614-BC53-3E65F9402262}.AppStore|x86.ActiveCfg = Release|Any CPU
		{505A5B53-00B7-4614-BC53-3E65F9402262}.AppStore|x86.Build.0 = Release|Any CPU
		{505A5B53-00B7-4614-BC53-3E65F9402262}.AppStore|x86.Deploy.0 = Release|Any CPU
		{505A5B53-00B7-4614-BC53-3E65F9402262}.Debug|Any CPU.ActiveCfg = Debug|Any CPU
		{505A5B53-00B7-4614-BC53-3E65F9402262}.Debug|Any CPU.Build.0 = Debug|Any CPU
		{505A5B53-00B7-4614-BC53-3E65F9402262}.Debug|Any CPU.Deploy.0 = Debug|Any CPU
		{505A5B53-00B7-4614-BC53-3E65F9402262}.Debug|ARM.ActiveCfg = Release|Any CPU
		{505A5B53-00B7-4614-BC53-3E65F9402262}.Debug|ARM.Build.0 = Release|Any CPU
		{505A5B53-00B7-4614-BC53-3E65F9402262}.Debug|ARM.Deploy.0 = Release|Any CPU
		{505A5B53-00B7-4614-BC53-3E65F9402262}.Debug|iPhone.ActiveCfg = Release|Any CPU
		{505A5B53-00B7-4614-BC53-3E65F9402262}.Debug|iPhoneSimulator.ActiveCfg = Release|Any CPU
		{505A5B53-00B7-4614-BC53-3E65F9402262}.Debug|x64.ActiveCfg = Release|Any CPU
		{505A5B53-00B7-4614-BC53-3E65F9402262}.Debug|x64.Build.0 = Release|Any CPU
		{505A5B53-00B7-4614-BC53-3E65F9402262}.Debug|x64.Deploy.0 = Release|Any CPU
		{505A5B53-00B7-4614-BC53-3E65F9402262}.Debug|x86.ActiveCfg = Release|Any CPU
		{505A5B53-00B7-4614-BC53-3E65F9402262}.Debug|x86.Build.0 = Release|Any CPU
		{505A5B53-00B7-4614-BC53-3E65F9402262}.Debug|x86.Deploy.0 = Release|Any CPU
		{505A5B53-00B7-4614-BC53-3E65F9402262}.Release|Any CPU.ActiveCfg = Release|Any CPU
		{505A5B53-00B7-4614-BC53-3E65F9402262}.Release|Any CPU.Build.0 = Release|Any CPU
		{505A5B53-00B7-4614-BC53-3E65F9402262}.Release|Any CPU.Deploy.0 = Release|Any CPU
		{505A5B53-00B7-4614-BC53-3E65F9402262}.Release|ARM.ActiveCfg = Release|Any CPU
		{505A5B53-00B7-4614-BC53-3E65F9402262}.Release|ARM.Build.0 = Release|Any CPU
		{505A5B53-00B7-4614-BC53-3E65F9402262}.Release|ARM.Deploy.0 = Release|Any CPU
		{505A5B53-00B7-4614-BC53-3E65F9402262}.Release|iPhone.ActiveCfg = Release|Any CPU
		{505A5B53-00B7-4614-BC53-3E65F9402262}.Release|iPhoneSimulator.ActiveCfg = Release|Any CPU
		{505A5B53-00B7-4614-BC53-3E65F9402262}.Release|iPhoneSimulator.Build.0 = Release|Any CPU
		{505A5B53-00B7-4614-BC53-3E65F9402262}.Release|iPhoneSimulator.Deploy.0 = Release|Any CPU
		{505A5B53-00B7-4614-BC53-3E65F9402262}.Release|x64.ActiveCfg = Release|Any CPU
		{505A5B53-00B7-4614-BC53-3E65F9402262}.Release|x64.Build.0 = Release|Any CPU
		{505A5B53-00B7-4614-BC53-3E65F9402262}.Release|x64.Deploy.0 = Release|Any CPU
		{505A5B53-00B7-4614-BC53-3E65F9402262}.Release|x86.ActiveCfg = Release|Any CPU
		{505A5B53-00B7-4614-BC53-3E65F9402262}.Release|x86.Build.0 = Release|Any CPU
		{505A5B53-00B7-4614-BC53-3E65F9402262}.Release|x86.Deploy.0 = Release|Any CPU
		{505A5B53-00B7-4614-BC53-3E65F9402262}.Ad-Hoc|Any CPU.Build.0 = Release|Any CPU
		{B1DE4469-74FD-479E-9D82-BEC9A72B4C1E}.Ad-Hoc|Any CPU.ActiveCfg = Ad-Hoc|iPhone
		{B1DE4469-74FD-479E-9D82-BEC9A72B4C1E}.Ad-Hoc|ARM.ActiveCfg = Release|iPhone
		{B1DE4469-74FD-479E-9D82-BEC9A72B4C1E}.Ad-Hoc|ARM.Build.0 = Release|iPhone
		{B1DE4469-74FD-479E-9D82-BEC9A72B4C1E}.Ad-Hoc|iPhone.ActiveCfg = Ad-Hoc|iPhone
		{B1DE4469-74FD-479E-9D82-BEC9A72B4C1E}.Ad-Hoc|iPhone.Build.0 = Ad-Hoc|iPhone
		{B1DE4469-74FD-479E-9D82-BEC9A72B4C1E}.Ad-Hoc|iPhone.Deploy.0 = Ad-Hoc|iPhone
		{B1DE4469-74FD-479E-9D82-BEC9A72B4C1E}.Ad-Hoc|iPhoneSimulator.ActiveCfg = Release|iPhone
		{B1DE4469-74FD-479E-9D82-BEC9A72B4C1E}.Ad-Hoc|iPhoneSimulator.Build.0 = Release|iPhone
		{B1DE4469-74FD-479E-9D82-BEC9A72B4C1E}.Ad-Hoc|x64.ActiveCfg = Release|iPhone
		{B1DE4469-74FD-479E-9D82-BEC9A72B4C1E}.Ad-Hoc|x64.Build.0 = Release|iPhone
		{B1DE4469-74FD-479E-9D82-BEC9A72B4C1E}.Ad-Hoc|x86.ActiveCfg = Release|iPhone
		{B1DE4469-74FD-479E-9D82-BEC9A72B4C1E}.Ad-Hoc|x86.Build.0 = Release|iPhone
		{B1DE4469-74FD-479E-9D82-BEC9A72B4C1E}.AppStore|Any CPU.ActiveCfg = Release|iPhone
		{B1DE4469-74FD-479E-9D82-BEC9A72B4C1E}.AppStore|Any CPU.Build.0 = Release|iPhone
		{B1DE4469-74FD-479E-9D82-BEC9A72B4C1E}.AppStore|ARM.ActiveCfg = Release|iPhone
		{B1DE4469-74FD-479E-9D82-BEC9A72B4C1E}.AppStore|ARM.Build.0 = Release|iPhone
		{B1DE4469-74FD-479E-9D82-BEC9A72B4C1E}.AppStore|iPhone.ActiveCfg = Release|iPhone
		{B1DE4469-74FD-479E-9D82-BEC9A72B4C1E}.AppStore|iPhone.Build.0 = Release|iPhone
		{B1DE4469-74FD-479E-9D82-BEC9A72B4C1E}.AppStore|iPhoneSimulator.ActiveCfg = Release|iPhone
		{B1DE4469-74FD-479E-9D82-BEC9A72B4C1E}.AppStore|iPhoneSimulator.Build.0 = Release|iPhone
		{B1DE4469-74FD-479E-9D82-BEC9A72B4C1E}.AppStore|x64.ActiveCfg = Release|iPhone
		{B1DE4469-74FD-479E-9D82-BEC9A72B4C1E}.AppStore|x64.Build.0 = Release|iPhone
		{B1DE4469-74FD-479E-9D82-BEC9A72B4C1E}.AppStore|x86.ActiveCfg = Release|iPhone
		{B1DE4469-74FD-479E-9D82-BEC9A72B4C1E}.AppStore|x86.Build.0 = Release|iPhone
		{B1DE4469-74FD-479E-9D82-BEC9A72B4C1E}.Debug|Any CPU.ActiveCfg = Debug|iPhone
		{B1DE4469-74FD-479E-9D82-BEC9A72B4C1E}.Debug|ARM.ActiveCfg = Release|iPhone
		{B1DE4469-74FD-479E-9D82-BEC9A72B4C1E}.Debug|ARM.Build.0 = Release|iPhone
		{B1DE4469-74FD-479E-9D82-BEC9A72B4C1E}.Debug|iPhone.ActiveCfg = Debug|iPhone
		{B1DE4469-74FD-479E-9D82-BEC9A72B4C1E}.Debug|iPhone.Build.0 = Debug|iPhone
		{B1DE4469-74FD-479E-9D82-BEC9A72B4C1E}.Debug|iPhoneSimulator.ActiveCfg = Debug|iPhoneSimulator
		{B1DE4469-74FD-479E-9D82-BEC9A72B4C1E}.Debug|iPhoneSimulator.Build.0 = Debug|iPhoneSimulator
		{B1DE4469-74FD-479E-9D82-BEC9A72B4C1E}.Debug|x64.ActiveCfg = Release|iPhone
		{B1DE4469-74FD-479E-9D82-BEC9A72B4C1E}.Debug|x64.Build.0 = Release|iPhone
		{B1DE4469-74FD-479E-9D82-BEC9A72B4C1E}.Debug|x86.ActiveCfg = Release|iPhone
		{B1DE4469-74FD-479E-9D82-BEC9A72B4C1E}.Debug|x86.Build.0 = Release|iPhone
		{B1DE4469-74FD-479E-9D82-BEC9A72B4C1E}.Release|Any CPU.ActiveCfg = Release|iPhone
		{B1DE4469-74FD-479E-9D82-BEC9A72B4C1E}.Release|ARM.ActiveCfg = Release|iPhone
		{B1DE4469-74FD-479E-9D82-BEC9A72B4C1E}.Release|ARM.Build.0 = Release|iPhone
		{B1DE4469-74FD-479E-9D82-BEC9A72B4C1E}.Release|iPhone.ActiveCfg = Release|iPhone
		{B1DE4469-74FD-479E-9D82-BEC9A72B4C1E}.Release|iPhone.Build.0 = Release|iPhone
		{B1DE4469-74FD-479E-9D82-BEC9A72B4C1E}.Release|iPhoneSimulator.ActiveCfg = Release|iPhone
		{B1DE4469-74FD-479E-9D82-BEC9A72B4C1E}.Release|iPhoneSimulator.Build.0 = Release|iPhone
		{B1DE4469-74FD-479E-9D82-BEC9A72B4C1E}.Release|x64.ActiveCfg = Release|iPhone
		{B1DE4469-74FD-479E-9D82-BEC9A72B4C1E}.Release|x64.Build.0 = Release|iPhone
		{B1DE4469-74FD-479E-9D82-BEC9A72B4C1E}.Release|x86.ActiveCfg = Release|iPhone
		{B1DE4469-74FD-479E-9D82-BEC9A72B4C1E}.Release|x86.Build.0 = Release|iPhone
		{18E5033D-0C74-42A0-BF3A-F5292F9F43E5}.Ad-Hoc|Any CPU.ActiveCfg = Debug|Any CPU
		{18E5033D-0C74-42A0-BF3A-F5292F9F43E5}.Ad-Hoc|Any CPU.Build.0 = Debug|Any CPU
		{18E5033D-0C74-42A0-BF3A-F5292F9F43E5}.Ad-Hoc|ARM.ActiveCfg = Debug|Any CPU
		{18E5033D-0C74-42A0-BF3A-F5292F9F43E5}.Ad-Hoc|ARM.Build.0 = Debug|Any CPU
		{18E5033D-0C74-42A0-BF3A-F5292F9F43E5}.Ad-Hoc|iPhone.ActiveCfg = Debug|Any CPU
		{18E5033D-0C74-42A0-BF3A-F5292F9F43E5}.Ad-Hoc|iPhone.Build.0 = Debug|Any CPU
		{18E5033D-0C74-42A0-BF3A-F5292F9F43E5}.Ad-Hoc|iPhoneSimulator.ActiveCfg = Debug|Any CPU
		{18E5033D-0C74-42A0-BF3A-F5292F9F43E5}.Ad-Hoc|iPhoneSimulator.Build.0 = Debug|Any CPU
		{18E5033D-0C74-42A0-BF3A-F5292F9F43E5}.Ad-Hoc|x64.ActiveCfg = Debug|Any CPU
		{18E5033D-0C74-42A0-BF3A-F5292F9F43E5}.Ad-Hoc|x64.Build.0 = Debug|Any CPU
		{18E5033D-0C74-42A0-BF3A-F5292F9F43E5}.Ad-Hoc|x86.ActiveCfg = Debug|Any CPU
		{18E5033D-0C74-42A0-BF3A-F5292F9F43E5}.Ad-Hoc|x86.Build.0 = Debug|Any CPU
		{18E5033D-0C74-42A0-BF3A-F5292F9F43E5}.AppStore|Any CPU.ActiveCfg = Debug|Any CPU
		{18E5033D-0C74-42A0-BF3A-F5292F9F43E5}.AppStore|Any CPU.Build.0 = Debug|Any CPU
		{18E5033D-0C74-42A0-BF3A-F5292F9F43E5}.AppStore|ARM.ActiveCfg = Debug|Any CPU
		{18E5033D-0C74-42A0-BF3A-F5292F9F43E5}.AppStore|ARM.Build.0 = Debug|Any CPU
		{18E5033D-0C74-42A0-BF3A-F5292F9F43E5}.AppStore|iPhone.ActiveCfg = Debug|Any CPU
		{18E5033D-0C74-42A0-BF3A-F5292F9F43E5}.AppStore|iPhone.Build.0 = Debug|Any CPU
		{18E5033D-0C74-42A0-BF3A-F5292F9F43E5}.AppStore|iPhoneSimulator.ActiveCfg = Debug|Any CPU
		{18E5033D-0C74-42A0-BF3A-F5292F9F43E5}.AppStore|iPhoneSimulator.Build.0 = Debug|Any CPU
		{18E5033D-0C74-42A0-BF3A-F5292F9F43E5}.AppStore|x64.ActiveCfg = Debug|Any CPU
		{18E5033D-0C74-42A0-BF3A-F5292F9F43E5}.AppStore|x64.Build.0 = Debug|Any CPU
		{18E5033D-0C74-42A0-BF3A-F5292F9F43E5}.AppStore|x86.ActiveCfg = Debug|Any CPU
		{18E5033D-0C74-42A0-BF3A-F5292F9F43E5}.AppStore|x86.Build.0 = Debug|Any CPU
		{18E5033D-0C74-42A0-BF3A-F5292F9F43E5}.Debug|Any CPU.ActiveCfg = Debug|Any CPU
		{18E5033D-0C74-42A0-BF3A-F5292F9F43E5}.Debug|Any CPU.Build.0 = Debug|Any CPU
		{18E5033D-0C74-42A0-BF3A-F5292F9F43E5}.Debug|ARM.ActiveCfg = Debug|Any CPU
		{18E5033D-0C74-42A0-BF3A-F5292F9F43E5}.Debug|ARM.Build.0 = Debug|Any CPU
		{18E5033D-0C74-42A0-BF3A-F5292F9F43E5}.Debug|iPhone.ActiveCfg = Debug|Any CPU
		{18E5033D-0C74-42A0-BF3A-F5292F9F43E5}.Debug|iPhone.Build.0 = Debug|Any CPU
		{18E5033D-0C74-42A0-BF3A-F5292F9F43E5}.Debug|iPhoneSimulator.ActiveCfg = Debug|Any CPU
		{18E5033D-0C74-42A0-BF3A-F5292F9F43E5}.Debug|iPhoneSimulator.Build.0 = Debug|Any CPU
		{18E5033D-0C74-42A0-BF3A-F5292F9F43E5}.Debug|x64.ActiveCfg = Debug|Any CPU
		{18E5033D-0C74-42A0-BF3A-F5292F9F43E5}.Debug|x64.Build.0 = Debug|Any CPU
		{18E5033D-0C74-42A0-BF3A-F5292F9F43E5}.Debug|x86.ActiveCfg = Debug|Any CPU
		{18E5033D-0C74-42A0-BF3A-F5292F9F43E5}.Debug|x86.Build.0 = Debug|Any CPU
		{18E5033D-0C74-42A0-BF3A-F5292F9F43E5}.Release|Any CPU.ActiveCfg = Release|Any CPU
		{18E5033D-0C74-42A0-BF3A-F5292F9F43E5}.Release|Any CPU.Build.0 = Release|Any CPU
		{18E5033D-0C74-42A0-BF3A-F5292F9F43E5}.Release|ARM.ActiveCfg = Release|Any CPU
		{18E5033D-0C74-42A0-BF3A-F5292F9F43E5}.Release|ARM.Build.0 = Release|Any CPU
		{18E5033D-0C74-42A0-BF3A-F5292F9F43E5}.Release|iPhone.ActiveCfg = Release|Any CPU
		{18E5033D-0C74-42A0-BF3A-F5292F9F43E5}.Release|iPhone.Build.0 = Release|Any CPU
		{18E5033D-0C74-42A0-BF3A-F5292F9F43E5}.Release|iPhoneSimulator.ActiveCfg = Release|Any CPU
		{18E5033D-0C74-42A0-BF3A-F5292F9F43E5}.Release|iPhoneSimulator.Build.0 = Release|Any CPU
		{18E5033D-0C74-42A0-BF3A-F5292F9F43E5}.Release|x64.ActiveCfg = Release|Any CPU
		{18E5033D-0C74-42A0-BF3A-F5292F9F43E5}.Release|x64.Build.0 = Release|Any CPU
		{18E5033D-0C74-42A0-BF3A-F5292F9F43E5}.Release|x86.ActiveCfg = Release|Any CPU
		{18E5033D-0C74-42A0-BF3A-F5292F9F43E5}.Release|x86.Build.0 = Release|Any CPU
	EndGlobalSection
	GlobalSection(SolutionProperties) = preSolution
		HideSolutionNode = FALSE
	EndGlobalSection
	GlobalSection(ExtensibilityGlobals) = postSolution
		SolutionGuid = {837F941E-F2B2-4FF9-996D-7C4F256B6B1E}
	EndGlobalSection
	GlobalSection(TeamFoundationVersionControl) = preSolution
		SccNumberOfProjects = 4
		SccEnterpriseProvider = {4CA58AB2-18FA-4F8D-95D4-32DDF27D184C}
		SccTeamFoundationServer = https://gaigatech.visualstudio.com/
		SccLocalPath0 = .
		SccProjectUniqueName1 = Stance\\Stance.Droid\\Stance.Droid.csproj
		SccProjectName1 = Stance/Stance.Droid
		SccLocalPath1 = Stance\\Stance.Droid
		SccProjectUniqueName2 = Stance\\Stance.iOS\\Stance.iOS.csproj
		SccProjectName2 = Stance/Stance.iOS
		SccLocalPath2 = Stance\\Stance.iOS
		SccProjectUniqueName3 = Stance.Core\\Stance.csproj
		SccProjectName3 = Stance.Core
		SccLocalPath3 = Stance.Core
	EndGlobalSection
EndGlobal
